
Microsoft Visual Studio Solution File, Format Version 12.00
# Visual Studio Version 17
VisualStudioVersion = 17.0.31903.59
MinimumVisualStudioVersion = 10.0.40219.1
Project("{FAE04EC0-301F-11D3-BF4B-00C04F79EFBC}") = "rangerDotNet", "rangerDotNet\rangerDotNet.csproj", "{7E4AF9DC-71EF-43F6-8165-2F7F5754F0D9}"
EndProject
Project("{FAE04EC0-301F-11D3-BF4B-00C04F79EFBC}") = "rangerDotNet.Test", "rangerDotNet.Test\rangerDotNet.Test.csproj", "{7F4212E2-22AC-4D86-947E-D0F0B392D31B}"
EndProject
Global
	GlobalSection(SolutionConfigurationPlatforms) = preSolution
		Debug|Any CPU = Debug|Any CPU
		Release|Any CPU = Release|Any CPU
	EndGlobalSection
	GlobalSection(SolutionProperties) = preSolution
		HideSolutionNode = FALSE
	EndGlobalSection
	GlobalSection(ProjectConfigurationPlatforms) = postSolution
		{7E4AF9DC-71EF-43F6-8165-2F7F5754F0D9}.Debug|Any CPU.ActiveCfg = Debug|Any CPU
		{7E4AF9DC-71EF-43F6-8165-2F7F5754F0D9}.Debug|Any CPU.Build.0 = Debug|Any CPU
		{7E4AF9DC-71EF-43F6-8165-2F7F5754F0D9}.Release|Any CPU.ActiveCfg = Release|Any CPU
		{7E4AF9DC-71EF-43F6-8165-2F7F5754F0D9}.Release|Any CPU.Build.0 = Release|Any CPU
		{7F4212E2-22AC-4D86-947E-D0F0B392D31B}.Debug|Any CPU.ActiveCfg = Debug|Any CPU
		{7F4212E2-22AC-4D86-947E-D0F0B392D31B}.Debug|Any CPU.Build.0 = Debug|Any CPU
		{7F4212E2-22AC-4D86-947E-D0F0B392D31B}.Release|Any CPU.ActiveCfg = Release|Any CPU
		{7F4212E2-22AC-4D86-947E-D0F0B392D31B}.Release|Any CPU.Build.0 = Release|Any CPU
	EndGlobalSection
EndGlobal
